
Microsoft Visual Studio Solution File, Format Version 12.00
# Visual Studio Version 17
VisualStudioVersion = 17.10.35027.167
MinimumVisualStudioVersion = 10.0.40219.1
Project("{FAE04EC0-301F-11D3-BF4B-00C04F79EFBC}") = "HW25.06.24", "HW25.06.24\HW25.06.24.csproj", "{618460B4-AA11-46F1-BEE6-7FCA5B69A7AB}"
EndProject
Global
	GlobalSection(SolutionConfigurationPlatforms) = preSolution
		Debug|Any CPU = Debug|Any CPU
		Release|Any CPU = Release|Any CPU
	EndGlobalSection
	GlobalSection(ProjectConfigurationPlatforms) = postSolution
		{618460B4-AA11-46F1-BEE6-7FCA5B69A7AB}.Debug|Any CPU.ActiveCfg = Debug|Any CPU
		{618460B4-AA11-46F1-BEE6-7FCA5B69A7AB}.Debug|Any CPU.Build.0 = Debug|Any CPU
		{618460B4-AA11-46F1-BEE6-7FCA5B69A7AB}.Release|Any CPU.ActiveCfg = Release|Any CPU
		{618460B4-AA11-46F1-BEE6-7FCA5B69A7AB}.Release|Any CPU.Build.0 = Release|Any CPU
	EndGlobalSection
	GlobalSection(SolutionProperties) = preSolution
		HideSolutionNode = FALSE
	EndGlobalSection
	GlobalSection(ExtensibilityGlobals) = postSolution
		SolutionGuid = {D92C8D39-F362-413C-B8CB-43E7E9EAE5FE}
	EndGlobalSection
EndGlobal
